
Microsoft Visual Studio Solution File, Format Version 12.00
# Visual Studio Version 17
VisualStudioVersion = 17.13.35825.156
MinimumVisualStudioVersion = 10.0.40219.1
Project("{FAE04EC0-301F-11D3-BF4B-00C04F79EFBC}") = "SimpleFavoriteCartoonFormApp", "SimpleFavoriteCartoonFormApp\SimpleFavoriteCartoonFormApp.csproj", "{871D1A11-7479-4158-8AC1-1CED7A62C36F}"
EndProject
Global
	GlobalSection(SolutionConfigurationPlatforms) = preSolution
		Debug|Any CPU = Debug|Any CPU
		Release|Any CPU = Release|Any CPU
	EndGlobalSection
	GlobalSection(ProjectConfigurationPlatforms) = postSolution
		{871D1A11-7479-4158-8AC1-1CED7A62C36F}.Debug|Any CPU.ActiveCfg = Debug|Any CPU
		{871D1A11-7479-4158-8AC1-1CED7A62C36F}.Debug|Any CPU.Build.0 = Debug|Any CPU
		{871D1A11-7479-4158-8AC1-1CED7A62C36F}.Release|Any CPU.ActiveCfg = Release|Any CPU
		{871D1A11-7479-4158-8AC1-1CED7A62C36F}.Release|Any CPU.Build.0 = Release|Any CPU
	EndGlobalSection
	GlobalSection(SolutionProperties) = preSolution
		HideSolutionNode = FALSE
	EndGlobalSection
	GlobalSection(ExtensibilityGlobals) = postSolution
		SolutionGuid = {D0613FD8-4A0B-4C17-898B-FF439885C215}
	EndGlobalSection
EndGlobal
